
Microsoft Visual Studio Solution File, Format Version 12.00
# Visual Studio Version 17
VisualStudioVersion = 17.3.32929.385
MinimumVisualStudioVersion = 10.0.40219.1
Project("{FAE04EC0-301F-11D3-BF4B-00C04F79EFBC}") = "AzureWebAppDBConnect", "AzureWebAppDBConnect\AzureWebAppDBConnect.csproj", "{0B8DBF3B-7776-4813-BC2A-9ED8ED1082D8}"
EndProject
Global
	GlobalSection(SolutionConfigurationPlatforms) = preSolution
		Debug|Any CPU = Debug|Any CPU
		Release|Any CPU = Release|Any CPU
	EndGlobalSection
	GlobalSection(ProjectConfigurationPlatforms) = postSolution
		{0B8DBF3B-7776-4813-BC2A-9ED8ED1082D8}.Debug|Any CPU.ActiveCfg = Debug|Any CPU
		{0B8DBF3B-7776-4813-BC2A-9ED8ED1082D8}.Debug|Any CPU.Build.0 = Debug|Any CPU
		{0B8DBF3B-7776-4813-BC2A-9ED8ED1082D8}.Release|Any CPU.ActiveCfg = Release|Any CPU
		{0B8DBF3B-7776-4813-BC2A-9ED8ED1082D8}.Release|Any CPU.Build.0 = Release|Any CPU
	EndGlobalSection
	GlobalSection(SolutionProperties) = preSolution
		HideSolutionNode = FALSE
	EndGlobalSection
	GlobalSection(ExtensibilityGlobals) = postSolution
		SolutionGuid = {85575DBF-C810-4EF1-8874-51AC9CD5E975}
	EndGlobalSection
EndGlobal
